{
  "originHash" : "6afe78143866c46851d21a15aa9086ac461080b62d1f8e7a27ee61a288e19d05",
  "pins" : [
    {
      "identity" : "freetypeframework",
      "kind" : "remoteSourceControl",
      "location" : "https://github.com/EvgenijLutz/FreeTypeFramework.git",
      "state" : {
        "revision" : "4e5210696e70b4b4ce5794b45e53d85ad0a95ad4",
        "version" : "2.13.3-alpha4"
      }
    },
    {
      "identity" : "libpngframework",
      "kind" : "remoteSourceControl",
      "location" : "https://github.com/EvgenijLutz/LibPNGFramework.git",
      "state" : {
        "revision" : "1b70e7e62d4f65aabf80ee0dde94b57a48019949",
        "version" : "1.6.50-alpha2"
      }
    }
  ],
  "version" : 3
}
